
Microsoft Visual Studio Solution File, Format Version 11.00
# Visual Studio 2010
Project("{8BC9CEB8-8B4A-11D0-8D11-00A0C91BC942}") = "cviceni4", "cviceni4\cviceni4.vcxproj", "{F9A0BE8C-A73A-4116-BBA8-F2CB895D0403}"
EndProject
Project("{8BC9CEB8-8B4A-11D0-8D11-00A0C91BC942}") = "test2", "test2\test2.vcxproj", "{E404F701-8480-4F25-B38A-1067B49747DC}"
EndProject
Global
	GlobalSection(SolutionConfigurationPlatforms) = preSolution
		Debug|Win32 = Debug|Win32
		Release|Win32 = Release|Win32
	EndGlobalSection
	GlobalSection(ProjectConfigurationPlatforms) = postSolution
		{F9A0BE8C-A73A-4116-BBA8-F2CB895D0403}.Debug|Win32.ActiveCfg = Debug|Win32
		{F9A0BE8C-A73A-4116-BBA8-F2CB895D0403}.Debug|Win32.Build.0 = Debug|Win32
		{F9A0BE8C-A73A-4116-BBA8-F2CB895D0403}.Release|Win32.ActiveCfg = Release|Win32
		{F9A0BE8C-A73A-4116-BBA8-F2CB895D0403}.Release|Win32.Build.0 = Release|Win32
		{E404F701-8480-4F25-B38A-1067B49747DC}.Debug|Win32.ActiveCfg = Debug|Win32
		{E404F701-8480-4F25-B38A-1067B49747DC}.Debug|Win32.Build.0 = Debug|Win32
		{E404F701-8480-4F25-B38A-1067B49747DC}.Release|Win32.ActiveCfg = Release|Win32
		{E404F701-8480-4F25-B38A-1067B49747DC}.Release|Win32.Build.0 = Release|Win32
	EndGlobalSection
	GlobalSection(SolutionProperties) = preSolution
		HideSolutionNode = FALSE
	EndGlobalSection
EndGlobal
